
Microsoft Visual Studio Solution File, Format Version 12.00
# Visual Studio Version 16
VisualStudioVersion = 16.0.30709.132
MinimumVisualStudioVersion = 10.0.40219.1
Project("{FAE04EC0-301F-11D3-BF4B-00C04F79EFBC}") = "UsingSQLServerDatabases Project", "UsingSQLServerDatabases Project\UsingSQLServerDatabases Project.csproj", "{B2AA078C-B001-4B9E-93AF-3F69A777F91D}"
EndProject
Global
	GlobalSection(SolutionConfigurationPlatforms) = preSolution
		Debug|Any CPU = Debug|Any CPU
		Release|Any CPU = Release|Any CPU
	EndGlobalSection
	GlobalSection(ProjectConfigurationPlatforms) = postSolution
		{B2AA078C-B001-4B9E-93AF-3F69A777F91D}.Debug|Any CPU.ActiveCfg = Debug|Any CPU
		{B2AA078C-B001-4B9E-93AF-3F69A777F91D}.Debug|Any CPU.Build.0 = Debug|Any CPU
		{B2AA078C-B001-4B9E-93AF-3F69A777F91D}.Release|Any CPU.ActiveCfg = Release|Any CPU
		{B2AA078C-B001-4B9E-93AF-3F69A777F91D}.Release|Any CPU.Build.0 = Release|Any CPU
	EndGlobalSection
	GlobalSection(SolutionProperties) = preSolution
		HideSolutionNode = FALSE
	EndGlobalSection
	GlobalSection(ExtensibilityGlobals) = postSolution
		SolutionGuid = {716DF042-5ACA-4E7F-8700-33246B39C6E9}
	EndGlobalSection
EndGlobal
